
Microsoft Visual Studio Solution File, Format Version 12.00
# Visual Studio Version 16
VisualStudioVersion = 16.0.31829.152
MinimumVisualStudioVersion = 10.0.40219.1
Project("{FAE04EC0-301F-11D3-BF4B-00C04F79EFBC}") = "sk-webapplication01", "sk-webapplication01.csproj", "{6C2F6463-5199-43F2-8645-D773D99C913B}"
EndProject
Global
	GlobalSection(SolutionConfigurationPlatforms) = preSolution
		Debug|Any CPU = Debug|Any CPU
		Release|Any CPU = Release|Any CPU
	EndGlobalSection
	GlobalSection(ProjectConfigurationPlatforms) = postSolution
		{6C2F6463-5199-43F2-8645-D773D99C913B}.Debug|Any CPU.ActiveCfg = Debug|Any CPU
		{6C2F6463-5199-43F2-8645-D773D99C913B}.Debug|Any CPU.Build.0 = Debug|Any CPU
		{6C2F6463-5199-43F2-8645-D773D99C913B}.Release|Any CPU.ActiveCfg = Release|Any CPU
		{6C2F6463-5199-43F2-8645-D773D99C913B}.Release|Any CPU.Build.0 = Release|Any CPU
	EndGlobalSection
	GlobalSection(SolutionProperties) = preSolution
		HideSolutionNode = FALSE
	EndGlobalSection
	GlobalSection(ExtensibilityGlobals) = postSolution
		SolutionGuid = {6D23169B-2193-4E80-806B-B3470AE2AB6B}
	EndGlobalSection
EndGlobal
